
Microsoft Visual Studio Solution File, Format Version 12.00
# Visual Studio Version 17
VisualStudioVersion = 17.10.34928.147
MinimumVisualStudioVersion = 10.0.40219.1
Project("{8BC9CEB8-8B4A-11D0-8D11-00A0C91BC942}") = "Introduction", "Introduction.vcxproj", "{B415D967-CC08-4B0E-BCF4-375793BEBEED}"
EndProject
Project("{8BC9CEB8-8B4A-11D0-8D11-00A0C91BC942}") = "Pointers", "..\Pointers\Pointers.vcxproj", "{D87BD075-9535-453B-ADDB-B6B08A59E09A}"
EndProject
Project("{9A19103F-16F7-4668-BE54-9A1E7A4F7556}") = "Primitives", "..\..\Lesson 2 - Primitives And Functions\Primitives\Primitives.csproj", "{0A827995-CC44-49BB-9133-B3041E65CDE0}"
EndProject
Project("{9A19103F-16F7-4668-BE54-9A1E7A4F7556}") = "Typecasting", "..\..\Lesson 2 - Primitives And Functions\Typecasting\Typecasting.csproj", "{67BA9EC7-44A1-444C-892C-FDAB3BAE2E85}"
EndProject
Project("{9A19103F-16F7-4668-BE54-9A1E7A4F7556}") = "Collections", "..\..\Lesson 3 - Collections\Collections\Collections.csproj", "{B81CAD2B-1158-451C-AAC5-6A7AC0C814B1}"
EndProject
Project("{9A19103F-16F7-4668-BE54-9A1E7A4F7556}") = "Classes", "..\Classes\Classes.csproj", "{A35CB4AD-6353-47BA-8B50-BF640A0197FA}"
EndProject
Project("{9A19103F-16F7-4668-BE54-9A1E7A4F7556}") = "PlayerManagement", "..\PlayerManagement\PlayerManagement.csproj", "{4332CC09-D656-421E-A3DC-188DB0FECFF9}"
EndProject
Project("{9A19103F-16F7-4668-BE54-9A1E7A4F7556}") = "PlayerInheiritance", "..\PlayerInheiritance\PlayerInheiritance.csproj", "{2153AF7E-89B5-47A4-AA09-C79F9EE0B202}"
EndProject
Project("{9A19103F-16F7-4668-BE54-9A1E7A4F7556}") = "Polymorphism", "..\Polymorphism\Polymorphism.csproj", "{691E9CF8-4A49-455A-90F9-E3DB3D644B7F}"
EndProject
Project("{9A19103F-16F7-4668-BE54-9A1E7A4F7556}") = "Program_WriteStrings", "..\Program_WriteStrings\Program_WriteStrings.csproj", "{EC96B988-D713-4288-87B4-AF04ECF9F302}"
EndProject
Project("{9A19103F-16F7-4668-BE54-9A1E7A4F7556}") = "Calc", "..\Calc\Calc.csproj", "{1EDDA6A1-4135-466B-9657-C59A358E06A7}"
EndProject
Project("{9A19103F-16F7-4668-BE54-9A1E7A4F7556}") = "AddUsernameTest", "..\AddUsernameTest\AddUsernameTest.csproj", "{8B9ED1D5-AD93-4F86-BD8A-8C3D9FF57205}"
EndProject
Project("{9A19103F-16F7-4668-BE54-9A1E7A4F7556}") = "PlayerQuery", "..\PlayerQuery\PlayerQuery.csproj", "{A37C5365-94F5-4011-B337-88B27C63C2AE}"
EndProject
Project("{9A19103F-16F7-4668-BE54-9A1E7A4F7556}") = "Inventory", "..\Inventory\Inventory.csproj", "{76503D7F-15DA-4ED0-905C-40621E6FCDCD}"
EndProject
Project("{9A19103F-16F7-4668-BE54-9A1E7A4F7556}") = "Algorithms", "..\Algorithms\Algorithms.csproj", "{27A0D9C9-0D1C-4BE0-9CF5-FBDE61C0E75E}"
EndProject
Project("{9A19103F-16F7-4668-BE54-9A1E7A4F7556}") = "UserInput", "..\UserInput\UserInput.csproj", "{91F5C516-6EF0-429E-89D7-6A2AF02B2496}"
EndProject
Project("{9A19103F-16F7-4668-BE54-9A1E7A4F7556}") = "PolymorphismTwo", "..\PolymorphismTwo\PolymorphismTwo.csproj", "{C215F118-5045-4652-BCD0-038ACF87855C}"
EndProject
Project("{FAE04EC0-301F-11D3-BF4B-00C04F79EFBC}") = "XMLAssignment", "..\XMLAssignment\XMLAssignment.csproj", "{CA787340-DE02-4770-9597-65049D562085}"
EndProject
Global
	GlobalSection(SolutionConfigurationPlatforms) = preSolution
		Debug|Any CPU = Debug|Any CPU
		Debug|x64 = Debug|x64
		Debug|x86 = Debug|x86
		Release|Any CPU = Release|Any CPU
		Release|x64 = Release|x64
		Release|x86 = Release|x86
	EndGlobalSection
	GlobalSection(ProjectConfigurationPlatforms) = postSolution
		{B415D967-CC08-4B0E-BCF4-375793BEBEED}.Debug|Any CPU.ActiveCfg = Debug|x64
		{B415D967-CC08-4B0E-BCF4-375793BEBEED}.Debug|Any CPU.Build.0 = Debug|x64
		{B415D967-CC08-4B0E-BCF4-375793BEBEED}.Debug|x64.ActiveCfg = Debug|x64
		{B415D967-CC08-4B0E-BCF4-375793BEBEED}.Debug|x64.Build.0 = Debug|x64
		{B415D967-CC08-4B0E-BCF4-375793BEBEED}.Debug|x86.ActiveCfg = Debug|Win32
		{B415D967-CC08-4B0E-BCF4-375793BEBEED}.Debug|x86.Build.0 = Debug|Win32
		{B415D967-CC08-4B0E-BCF4-375793BEBEED}.Release|Any CPU.ActiveCfg = Release|x64
		{B415D967-CC08-4B0E-BCF4-375793BEBEED}.Release|Any CPU.Build.0 = Release|x64
		{B415D967-CC08-4B0E-BCF4-375793BEBEED}.Release|x64.ActiveCfg = Release|x64
		{B415D967-CC08-4B0E-BCF4-375793BEBEED}.Release|x64.Build.0 = Release|x64
		{B415D967-CC08-4B0E-BCF4-375793BEBEED}.Release|x86.ActiveCfg = Release|Win32
		{B415D967-CC08-4B0E-BCF4-375793BEBEED}.Release|x86.Build.0 = Release|Win32
		{D87BD075-9535-453B-ADDB-B6B08A59E09A}.Debug|Any CPU.ActiveCfg = Debug|x64
		{D87BD075-9535-453B-ADDB-B6B08A59E09A}.Debug|Any CPU.Build.0 = Debug|x64
		{D87BD075-9535-453B-ADDB-B6B08A59E09A}.Debug|x64.ActiveCfg = Debug|x64
		{D87BD075-9535-453B-ADDB-B6B08A59E09A}.Debug|x64.Build.0 = Debug|x64
		{D87BD075-9535-453B-ADDB-B6B08A59E09A}.Debug|x86.ActiveCfg = Debug|Win32
		{D87BD075-9535-453B-ADDB-B6B08A59E09A}.Debug|x86.Build.0 = Debug|Win32
		{D87BD075-9535-453B-ADDB-B6B08A59E09A}.Release|Any CPU.ActiveCfg = Release|x64
		{D87BD075-9535-453B-ADDB-B6B08A59E09A}.Release|Any CPU.Build.0 = Release|x64
		{D87BD075-9535-453B-ADDB-B6B08A59E09A}.Release|x64.ActiveCfg = Release|x64
		{D87BD075-9535-453B-ADDB-B6B08A59E09A}.Release|x64.Build.0 = Release|x64
		{D87BD075-9535-453B-ADDB-B6B08A59E09A}.Release|x86.ActiveCfg = Release|Win32
		{D87BD075-9535-453B-ADDB-B6B08A59E09A}.Release|x86.Build.0 = Release|Win32
		{0A827995-CC44-49BB-9133-B3041E65CDE0}.Debug|Any CPU.ActiveCfg = Debug|Any CPU
		{0A827995-CC44-49BB-9133-B3041E65CDE0}.Debug|Any CPU.Build.0 = Debug|Any CPU
		{0A827995-CC44-49BB-9133-B3041E65CDE0}.Debug|x64.ActiveCfg = Debug|Any CPU
		{0A827995-CC44-49BB-9133-B3041E65CDE0}.Debug|x64.Build.0 = Debug|Any CPU
		{0A827995-CC44-49BB-9133-B3041E65CDE0}.Debug|x86.ActiveCfg = Debug|Any CPU
		{0A827995-CC44-49BB-9133-B3041E65CDE0}.Debug|x86.Build.0 = Debug|Any CPU
		{0A827995-CC44-49BB-9133-B3041E65CDE0}.Release|Any CPU.ActiveCfg = Release|Any CPU
		{0A827995-CC44-49BB-9133-B3041E65CDE0}.Release|Any CPU.Build.0 = Release|Any CPU
		{0A827995-CC44-49BB-9133-B3041E65CDE0}.Release|x64.ActiveCfg = Release|Any CPU
		{0A827995-CC44-49BB-9133-B3041E65CDE0}.Release|x64.Build.0 = Release|Any CPU
		{0A827995-CC44-49BB-9133-B3041E65CDE0}.Release|x86.ActiveCfg = Release|Any CPU
		{0A827995-CC44-49BB-9133-B3041E65CDE0}.Release|x86.Build.0 = Release|Any CPU
		{67BA9EC7-44A1-444C-892C-FDAB3BAE2E85}.Debug|Any CPU.ActiveCfg = Debug|Any CPU
		{67BA9EC7-44A1-444C-892C-FDAB3BAE2E85}.Debug|Any CPU.Build.0 = Debug|Any CPU
		{67BA9EC7-44A1-444C-892C-FDAB3BAE2E85}.Debug|x64.ActiveCfg = Debug|Any CPU
		{67BA9EC7-44A1-444C-892C-FDAB3BAE2E85}.Debug|x64.Build.0 = Debug|Any CPU
		{67BA9EC7-44A1-444C-892C-FDAB3BAE2E85}.Debug|x86.ActiveCfg = Debug|Any CPU
		{67BA9EC7-44A1-444C-892C-FDAB3BAE2E85}.Debug|x86.Build.0 = Debug|Any CPU
		{67BA9EC7-44A1-444C-892C-FDAB3BAE2E85}.Release|Any CPU.ActiveCfg = Release|Any CPU
		{67BA9EC7-44A1-444C-892C-FDAB3BAE2E85}.Release|Any CPU.Build.0 = Release|Any CPU
		{67BA9EC7-44A1-444C-892C-FDAB3BAE2E85}.Release|x64.ActiveCfg = Release|Any CPU
		{67BA9EC7-44A1-444C-892C-FDAB3BAE2E85}.Release|x64.Build.0 = Release|Any CPU
		{67BA9EC7-44A1-444C-892C-FDAB3BAE2E85}.Release|x86.ActiveCfg = Release|Any CPU
		{67BA9EC7-44A1-444C-892C-FDAB3BAE2E85}.Release|x86.Build.0 = Release|Any CPU
		{B81CAD2B-1158-451C-AAC5-6A7AC0C814B1}.Debug|Any CPU.ActiveCfg = Debug|Any CPU
		{B81CAD2B-1158-451C-AAC5-6A7AC0C814B1}.Debug|Any CPU.Build.0 = Debug|Any CPU
		{B81CAD2B-1158-451C-AAC5-6A7AC0C814B1}.Debug|x64.ActiveCfg = Debug|Any CPU
		{B81CAD2B-1158-451C-AAC5-6A7AC0C814B1}.Debug|x64.Build.0 = Debug|Any CPU
		{B81CAD2B-1158-451C-AAC5-6A7AC0C814B1}.Debug|x86.ActiveCfg = Debug|Any CPU
		{B81CAD2B-1158-451C-AAC5-6A7AC0C814B1}.Debug|x86.Build.0 = Debug|Any CPU
		{B81CAD2B-1158-451C-AAC5-6A7AC0C814B1}.Release|Any CPU.ActiveCfg = Release|Any CPU
		{B81CAD2B-1158-451C-AAC5-6A7AC0C814B1}.Release|Any CPU.Build.0 = Release|Any CPU
		{B81CAD2B-1158-451C-AAC5-6A7AC0C814B1}.Release|x64.ActiveCfg = Release|Any CPU
		{B81CAD2B-1158-451C-AAC5-6A7AC0C814B1}.Release|x64.Build.0 = Release|Any CPU
		{B81CAD2B-1158-451C-AAC5-6A7AC0C814B1}.Release|x86.ActiveCfg = Release|Any CPU
		{B81CAD2B-1158-451C-AAC5-6A7AC0C814B1}.Release|x86.Build.0 = Release|Any CPU
		{A35CB4AD-6353-47BA-8B50-BF640A0197FA}.Debug|Any CPU.ActiveCfg = Debug|Any CPU
		{A35CB4AD-6353-47BA-8B50-BF640A0197FA}.Debug|Any CPU.Build.0 = Debug|Any CPU
		{A35CB4AD-6353-47BA-8B50-BF640A0197FA}.Debug|x64.ActiveCfg = Debug|Any CPU
		{A35CB4AD-6353-47BA-8B50-BF640A0197FA}.Debug|x64.Build.0 = Debug|Any CPU
		{A35CB4AD-6353-47BA-8B50-BF640A0197FA}.Debug|x86.ActiveCfg = Debug|Any CPU
		{A35CB4AD-6353-47BA-8B50-BF640A0197FA}.Debug|x86.Build.0 = Debug|Any CPU
		{A35CB4AD-6353-47BA-8B50-BF640A0197FA}.Release|Any CPU.ActiveCfg = Release|Any CPU
		{A35CB4AD-6353-47BA-8B50-BF640A0197FA}.Release|Any CPU.Build.0 = Release|Any CPU
		{A35CB4AD-6353-47BA-8B50-BF640A0197FA}.Release|x64.ActiveCfg = Release|Any CPU
		{A35CB4AD-6353-47BA-8B50-BF640A0197FA}.Release|x64.Build.0 = Release|Any CPU
		{A35CB4AD-6353-47BA-8B50-BF640A0197FA}.Release|x86.ActiveCfg = Release|Any CPU
		{A35CB4AD-6353-47BA-8B50-BF640A0197FA}.Release|x86.Build.0 = Release|Any CPU
		{4332CC09-D656-421E-A3DC-188DB0FECFF9}.Debug|Any CPU.ActiveCfg = Debug|Any CPU
		{4332CC09-D656-421E-A3DC-188DB0FECFF9}.Debug|Any CPU.Build.0 = Debug|Any CPU
		{4332CC09-D656-421E-A3DC-188DB0FECFF9}.Debug|x64.ActiveCfg = Debug|Any CPU
		{4332CC09-D656-421E-A3DC-188DB0FECFF9}.Debug|x64.Build.0 = Debug|Any CPU
		{4332CC09-D656-421E-A3DC-188DB0FECFF9}.Debug|x86.ActiveCfg = Debug|Any CPU
		{4332CC09-D656-421E-A3DC-188DB0FECFF9}.Debug|x86.Build.0 = Debug|Any CPU
		{4332CC09-D656-421E-A3DC-188DB0FECFF9}.Release|Any CPU.ActiveCfg = Release|Any CPU
		{4332CC09-D656-421E-A3DC-188DB0FECFF9}.Release|Any CPU.Build.0 = Release|Any CPU
		{4332CC09-D656-421E-A3DC-188DB0FECFF9}.Release|x64.ActiveCfg = Release|Any CPU
		{4332CC09-D656-421E-A3DC-188DB0FECFF9}.Release|x64.Build.0 = Release|Any CPU
		{4332CC09-D656-421E-A3DC-188DB0FECFF9}.Release|x86.ActiveCfg = Release|Any CPU
		{4332CC09-D656-421E-A3DC-188DB0FECFF9}.Release|x86.Build.0 = Release|Any CPU
		{2153AF7E-89B5-47A4-AA09-C79F9EE0B202}.Debug|Any CPU.ActiveCfg = Debug|Any CPU
		{2153AF7E-89B5-47A4-AA09-C79F9EE0B202}.Debug|Any CPU.Build.0 = Debug|Any CPU
		{2153AF7E-89B5-47A4-AA09-C79F9EE0B202}.Debug|x64.ActiveCfg = Debug|Any CPU
		{2153AF7E-89B5-47A4-AA09-C79F9EE0B202}.Debug|x64.Build.0 = Debug|Any CPU
		{2153AF7E-89B5-47A4-AA09-C79F9EE0B202}.Debug|x86.ActiveCfg = Debug|Any CPU
		{2153AF7E-89B5-47A4-AA09-C79F9EE0B202}.Debug|x86.Build.0 = Debug|Any CPU
		{2153AF7E-89B5-47A4-AA09-C79F9EE0B202}.Release|Any CPU.ActiveCfg = Release|Any CPU
		{2153AF7E-89B5-47A4-AA09-C79F9EE0B202}.Release|Any CPU.Build.0 = Release|Any CPU
		{2153AF7E-89B5-47A4-AA09-C79F9EE0B202}.Release|x64.ActiveCfg = Release|Any CPU
		{2153AF7E-89B5-47A4-AA09-C79F9EE0B202}.Release|x64.Build.0 = Release|Any CPU
		{2153AF7E-89B5-47A4-AA09-C79F9EE0B202}.Release|x86.ActiveCfg = Release|Any CPU
		{2153AF7E-89B5-47A4-AA09-C79F9EE0B202}.Release|x86.Build.0 = Release|Any CPU
		{691E9CF8-4A49-455A-90F9-E3DB3D644B7F}.Debug|Any CPU.ActiveCfg = Debug|Any CPU
		{691E9CF8-4A49-455A-90F9-E3DB3D644B7F}.Debug|Any CPU.Build.0 = Debug|Any CPU
		{691E9CF8-4A49-455A-90F9-E3DB3D644B7F}.Debug|x64.ActiveCfg = Debug|Any CPU
		{691E9CF8-4A49-455A-90F9-E3DB3D644B7F}.Debug|x64.Build.0 = Debug|Any CPU
		{691E9CF8-4A49-455A-90F9-E3DB3D644B7F}.Debug|x86.ActiveCfg = Debug|Any CPU
		{691E9CF8-4A49-455A-90F9-E3DB3D644B7F}.Debug|x86.Build.0 = Debug|Any CPU
		{691E9CF8-4A49-455A-90F9-E3DB3D644B7F}.Release|Any CPU.ActiveCfg = Release|Any CPU
		{691E9CF8-4A49-455A-90F9-E3DB3D644B7F}.Release|Any CPU.Build.0 = Release|Any CPU
		{691E9CF8-4A49-455A-90F9-E3DB3D644B7F}.Release|x64.ActiveCfg = Release|Any CPU
		{691E9CF8-4A49-455A-90F9-E3DB3D644B7F}.Release|x64.Build.0 = Release|Any CPU
		{691E9CF8-4A49-455A-90F9-E3DB3D644B7F}.Release|x86.ActiveCfg = Release|Any CPU
		{691E9CF8-4A49-455A-90F9-E3DB3D644B7F}.Release|x86.Build.0 = Release|Any CPU
		{EC96B988-D713-4288-87B4-AF04ECF9F302}.Debug|Any CPU.ActiveCfg = Debug|Any CPU
		{EC96B988-D713-4288-87B4-AF04ECF9F302}.Debug|Any CPU.Build.0 = Debug|Any CPU
		{EC96B988-D713-4288-87B4-AF04ECF9F302}.Debug|x64.ActiveCfg = Debug|Any CPU
		{EC96B988-D713-4288-87B4-AF04ECF9F302}.Debug|x64.Build.0 = Debug|Any CPU
		{EC96B988-D713-4288-87B4-AF04ECF9F302}.Debug|x86.ActiveCfg = Debug|Any CPU
		{EC96B988-D713-4288-87B4-AF04ECF9F302}.Debug|x86.Build.0 = Debug|Any CPU
		{EC96B988-D713-4288-87B4-AF04ECF9F302}.Release|Any CPU.ActiveCfg = Release|Any CPU
		{EC96B988-D713-4288-87B4-AF04ECF9F302}.Release|Any CPU.Build.0 = Release|Any CPU
		{EC96B988-D713-4288-87B4-AF04ECF9F302}.Release|x64.ActiveCfg = Release|Any CPU
		{EC96B988-D713-4288-87B4-AF04ECF9F302}.Release|x64.Build.0 = Release|Any CPU
		{EC96B988-D713-4288-87B4-AF04ECF9F302}.Release|x86.ActiveCfg = Release|Any CPU
		{EC96B988-D713-4288-87B4-AF04ECF9F302}.Release|x86.Build.0 = Release|Any CPU
		{1EDDA6A1-4135-466B-9657-C59A358E06A7}.Debug|Any CPU.ActiveCfg = Debug|Any CPU
		{1EDDA6A1-4135-466B-9657-C59A358E06A7}.Debug|Any CPU.Build.0 = Debug|Any CPU
		{1EDDA6A1-4135-466B-9657-C59A358E06A7}.Debug|x64.ActiveCfg = Debug|Any CPU
		{1EDDA6A1-4135-466B-9657-C59A358E06A7}.Debug|x64.Build.0 = Debug|Any CPU
		{1EDDA6A1-4135-466B-9657-C59A358E06A7}.Debug|x86.ActiveCfg = Debug|Any CPU
		{1EDDA6A1-4135-466B-9657-C59A358E06A7}.Debug|x86.Build.0 = Debug|Any CPU
		{1EDDA6A1-4135-466B-9657-C59A358E06A7}.Release|Any CPU.ActiveCfg = Release|Any CPU
		{1EDDA6A1-4135-466B-9657-C59A358E06A7}.Release|Any CPU.Build.0 = Release|Any CPU
		{1EDDA6A1-4135-466B-9657-C59A358E06A7}.Release|x64.ActiveCfg = Release|Any CPU
		{1EDDA6A1-4135-466B-9657-C59A358E06A7}.Release|x64.Build.0 = Release|Any CPU
		{1EDDA6A1-4135-466B-9657-C59A358E06A7}.Release|x86.ActiveCfg = Release|Any CPU
		{1EDDA6A1-4135-466B-9657-C59A358E06A7}.Release|x86.Build.0 = Release|Any CPU
		{8B9ED1D5-AD93-4F86-BD8A-8C3D9FF57205}.Debug|Any CPU.ActiveCfg = Debug|Any CPU
		{8B9ED1D5-AD93-4F86-BD8A-8C3D9FF57205}.Debug|Any CPU.Build.0 = Debug|Any CPU
		{8B9ED1D5-AD93-4F86-BD8A-8C3D9FF57205}.Debug|x64.ActiveCfg = Debug|Any CPU
		{8B9ED1D5-AD93-4F86-BD8A-8C3D9FF57205}.Debug|x64.Build.0 = Debug|Any CPU
		{8B9ED1D5-AD93-4F86-BD8A-8C3D9FF57205}.Debug|x86.ActiveCfg = Debug|Any CPU
		{8B9ED1D5-AD93-4F86-BD8A-8C3D9FF57205}.Debug|x86.Build.0 = Debug|Any CPU
		{8B9ED1D5-AD93-4F86-BD8A-8C3D9FF57205}.Release|Any CPU.ActiveCfg = Release|Any CPU
		{8B9ED1D5-AD93-4F86-BD8A-8C3D9FF57205}.Release|Any CPU.Build.0 = Release|Any CPU
		{8B9ED1D5-AD93-4F86-BD8A-8C3D9FF57205}.Release|x64.ActiveCfg = Release|Any CPU
		{8B9ED1D5-AD93-4F86-BD8A-8C3D9FF57205}.Release|x64.Build.0 = Release|Any CPU
		{8B9ED1D5-AD93-4F86-BD8A-8C3D9FF57205}.Release|x86.ActiveCfg = Release|Any CPU
		{8B9ED1D5-AD93-4F86-BD8A-8C3D9FF57205}.Release|x86.Build.0 = Release|Any CPU
		{A37C5365-94F5-4011-B337-88B27C63C2AE}.Debug|Any CPU.ActiveCfg = Debug|Any CPU
		{A37C5365-94F5-4011-B337-88B27C63C2AE}.Debug|Any CPU.Build.0 = Debug|Any CPU
		{A37C5365-94F5-4011-B337-88B27C63C2AE}.Debug|x64.ActiveCfg = Debug|Any CPU
		{A37C5365-94F5-4011-B337-88B27C63C2AE}.Debug|x64.Build.0 = Debug|Any CPU
		{A37C5365-94F5-4011-B337-88B27C63C2AE}.Debug|x86.ActiveCfg = Debug|Any CPU
		{A37C5365-94F5-4011-B337-88B27C63C2AE}.Debug|x86.Build.0 = Debug|Any CPU
		{A37C5365-94F5-4011-B337-88B27C63C2AE}.Release|Any CPU.ActiveCfg = Release|Any CPU
		{A37C5365-94F5-4011-B337-88B27C63C2AE}.Release|Any CPU.Build.0 = Release|Any CPU
		{A37C5365-94F5-4011-B337-88B27C63C2AE}.Release|x64.ActiveCfg = Release|Any CPU
		{A37C5365-94F5-4011-B337-88B27C63C2AE}.Release|x64.Build.0 = Release|Any CPU
		{A37C5365-94F5-4011-B337-88B27C63C2AE}.Release|x86.ActiveCfg = Release|Any CPU
		{A37C5365-94F5-4011-B337-88B27C63C2AE}.Release|x86.Build.0 = Release|Any CPU
		{76503D7F-15DA-4ED0-905C-40621E6FCDCD}.Debug|Any CPU.ActiveCfg = Debug|Any CPU
		{76503D7F-15DA-4ED0-905C-40621E6FCDCD}.Debug|Any CPU.Build.0 = Debug|Any CPU
		{76503D7F-15DA-4ED0-905C-40621E6FCDCD}.Debug|x64.ActiveCfg = Debug|Any CPU
		{76503D7F-15DA-4ED0-905C-40621E6FCDCD}.Debug|x64.Build.0 = Debug|Any CPU
		{76503D7F-15DA-4ED0-905C-40621E6FCDCD}.Debug|x86.ActiveCfg = Debug|Any CPU
		{76503D7F-15DA-4ED0-905C-40621E6FCDCD}.Debug|x86.Build.0 = Debug|Any CPU
		{76503D7F-15DA-4ED0-905C-40621E6FCDCD}.Release|Any CPU.ActiveCfg = Release|Any CPU
		{76503D7F-15DA-4ED0-905C-40621E6FCDCD}.Release|Any CPU.Build.0 = Release|Any CPU
		{76503D7F-15DA-4ED0-905C-40621E6FCDCD}.Release|x64.ActiveCfg = Release|Any CPU
		{76503D7F-15DA-4ED0-905C-40621E6FCDCD}.Release|x64.Build.0 = Release|Any CPU
		{76503D7F-15DA-4ED0-905C-40621E6FCDCD}.Release|x86.ActiveCfg = Release|Any CPU
		{76503D7F-15DA-4ED0-905C-40621E6FCDCD}.Release|x86.Build.0 = Release|Any CPU
		{27A0D9C9-0D1C-4BE0-9CF5-FBDE61C0E75E}.Debug|Any CPU.ActiveCfg = Debug|Any CPU
		{27A0D9C9-0D1C-4BE0-9CF5-FBDE61C0E75E}.Debug|Any CPU.Build.0 = Debug|Any CPU
		{27A0D9C9-0D1C-4BE0-9CF5-FBDE61C0E75E}.Debug|x64.ActiveCfg = Debug|Any CPU
		{27A0D9C9-0D1C-4BE0-9CF5-FBDE61C0E75E}.Debug|x64.Build.0 = Debug|Any CPU
		{27A0D9C9-0D1C-4BE0-9CF5-FBDE61C0E75E}.Debug|x86.ActiveCfg = Debug|Any CPU
		{27A0D9C9-0D1C-4BE0-9CF5-FBDE61C0E75E}.Debug|x86.Build.0 = Debug|Any CPU
		{27A0D9C9-0D1C-4BE0-9CF5-FBDE61C0E75E}.Release|Any CPU.ActiveCfg = Release|Any CPU
		{27A0D9C9-0D1C-4BE0-9CF5-FBDE61C0E75E}.Release|Any CPU.Build.0 = Release|Any CPU
		{27A0D9C9-0D1C-4BE0-9CF5-FBDE61C0E75E}.Release|x64.ActiveCfg = Release|Any CPU
		{27A0D9C9-0D1C-4BE0-9CF5-FBDE61C0E75E}.Release|x64.Build.0 = Release|Any CPU
		{27A0D9C9-0D1C-4BE0-9CF5-FBDE61C0E75E}.Release|x86.ActiveCfg = Release|Any CPU
		{27A0D9C9-0D1C-4BE0-9CF5-FBDE61C0E75E}.Release|x86.Build.0 = Release|Any CPU
		{91F5C516-6EF0-429E-89D7-6A2AF02B2496}.Debug|Any CPU.ActiveCfg = Debug|Any CPU
		{91F5C516-6EF0-429E-89D7-6A2AF02B2496}.Debug|Any CPU.Build.0 = Debug|Any CPU
		{91F5C516-6EF0-429E-89D7-6A2AF02B2496}.Debug|x64.ActiveCfg = Debug|Any CPU
		{91F5C516-6EF0-429E-89D7-6A2AF02B2496}.Debug|x64.Build.0 = Debug|Any CPU
		{91F5C516-6EF0-429E-89D7-6A2AF02B2496}.Debug|x86.ActiveCfg = Debug|Any CPU
		{91F5C516-6EF0-429E-89D7-6A2AF02B2496}.Debug|x86.Build.0 = Debug|Any CPU
		{91F5C516-6EF0-429E-89D7-6A2AF02B2496}.Release|Any CPU.ActiveCfg = Release|Any CPU
		{91F5C516-6EF0-429E-89D7-6A2AF02B2496}.Release|Any CPU.Build.0 = Release|Any CPU
		{91F5C516-6EF0-429E-89D7-6A2AF02B2496}.Release|x64.ActiveCfg = Release|Any CPU
		{91F5C516-6EF0-429E-89D7-6A2AF02B2496}.Release|x64.Build.0 = Release|Any CPU
		{91F5C516-6EF0-429E-89D7-6A2AF02B2496}.Release|x86.ActiveCfg = Release|Any CPU
		{91F5C516-6EF0-429E-89D7-6A2AF02B2496}.Release|x86.Build.0 = Release|Any CPU
		{C215F118-5045-4652-BCD0-038ACF87855C}.Debug|Any CPU.ActiveCfg = Debug|Any CPU
		{C215F118-5045-4652-BCD0-038ACF87855C}.Debug|Any CPU.Build.0 = Debug|Any CPU
		{C215F118-5045-4652-BCD0-038ACF87855C}.Debug|x64.ActiveCfg = Debug|Any CPU
		{C215F118-5045-4652-BCD0-038ACF87855C}.Debug|x64.Build.0 = Debug|Any CPU
		{C215F118-5045-4652-BCD0-038ACF87855C}.Debug|x86.ActiveCfg = Debug|Any CPU
		{C215F118-5045-4652-BCD0-038ACF87855C}.Debug|x86.Build.0 = Debug|Any CPU
		{C215F118-5045-4652-BCD0-038ACF87855C}.Release|Any CPU.ActiveCfg = Release|Any CPU
		{C215F118-5045-4652-BCD0-038ACF87855C}.Release|Any CPU.Build.0 = Release|Any CPU
		{C215F118-5045-4652-BCD0-038ACF87855C}.Release|x64.ActiveCfg = Release|Any CPU
		{C215F118-5045-4652-BCD0-038ACF87855C}.Release|x64.Build.0 = Release|Any CPU
		{C215F118-5045-4652-BCD0-038ACF87855C}.Release|x86.ActiveCfg = Release|Any CPU
		{C215F118-5045-4652-BCD0-038ACF87855C}.Release|x86.Build.0 = Release|Any CPU
		{CA787340-DE02-4770-9597-65049D562085}.Debug|Any CPU.ActiveCfg = Debug|Any CPU
		{CA787340-DE02-4770-9597-65049D562085}.Debug|Any CPU.Build.0 = Debug|Any CPU
		{CA787340-DE02-4770-9597-65049D562085}.Debug|x64.ActiveCfg = Debug|Any CPU
		{CA787340-DE02-4770-9597-65049D562085}.Debug|x64.Build.0 = Debug|Any CPU
		{CA787340-DE02-4770-9597-65049D562085}.Debug|x86.ActiveCfg = Debug|Any CPU
		{CA787340-DE02-4770-9597-65049D562085}.Debug|x86.Build.0 = Debug|Any CPU
		{CA787340-DE02-4770-9597-65049D562085}.Release|Any CPU.ActiveCfg = Release|Any CPU
		{CA787340-DE02-4770-9597-65049D562085}.Release|Any CPU.Build.0 = Release|Any CPU
		{CA787340-DE02-4770-9597-65049D562085}.Release|x64.ActiveCfg = Release|Any CPU
		{CA787340-DE02-4770-9597-65049D562085}.Release|x64.Build.0 = Release|Any CPU
		{CA787340-DE02-4770-9597-65049D562085}.Release|x86.ActiveCfg = Release|Any CPU
		{CA787340-DE02-4770-9597-65049D562085}.Release|x86.Build.0 = Release|Any CPU
	EndGlobalSection
	GlobalSection(SolutionProperties) = preSolution
		HideSolutionNode = FALSE
	EndGlobalSection
	GlobalSection(ExtensibilityGlobals) = postSolution
		SolutionGuid = {253325E4-48A5-4B50-9319-C641655D65A4}
	EndGlobalSection
EndGlobal
